
Microsoft Visual Studio Solution File, Format Version 12.00
# Visual Studio Version 17
VisualStudioVersion = 17.2.32526.322
MinimumVisualStudioVersion = 10.0.40219.1
Project("{FAE04EC0-301F-11D3-BF4B-00C04F79EFBC}") = "Sistema CB", "Sistema CB\Sistema CB.csproj", "{C47CAC08-72CF-49B6-AD8A-C870DC2C8D94}"
EndProject
Project("{FAE04EC0-301F-11D3-BF4B-00C04F79EFBC}") = "CapaDatos", "CapaDatos\CapaDatos.csproj", "{93D7309E-DFD2-4ABA-9354-AE58F189B8EB}"
EndProject
Project("{FAE04EC0-301F-11D3-BF4B-00C04F79EFBC}") = "CapaEntidad", "CapaEntidad\CapaEntidad.csproj", "{E9559D21-B3AE-4097-AC70-4F4001C3BA9B}"
EndProject
Global
	GlobalSection(SolutionConfigurationPlatforms) = preSolution
		Debug|Any CPU = Debug|Any CPU
		Release|Any CPU = Release|Any CPU
	EndGlobalSection
	GlobalSection(ProjectConfigurationPlatforms) = postSolution
		{C47CAC08-72CF-49B6-AD8A-C870DC2C8D94}.Debug|Any CPU.ActiveCfg = Debug|Any CPU
		{C47CAC08-72CF-49B6-AD8A-C870DC2C8D94}.Debug|Any CPU.Build.0 = Debug|Any CPU
		{C47CAC08-72CF-49B6-AD8A-C870DC2C8D94}.Release|Any CPU.ActiveCfg = Release|Any CPU
		{C47CAC08-72CF-49B6-AD8A-C870DC2C8D94}.Release|Any CPU.Build.0 = Release|Any CPU
		{93D7309E-DFD2-4ABA-9354-AE58F189B8EB}.Debug|Any CPU.ActiveCfg = Debug|Any CPU
		{93D7309E-DFD2-4ABA-9354-AE58F189B8EB}.Debug|Any CPU.Build.0 = Debug|Any CPU
		{93D7309E-DFD2-4ABA-9354-AE58F189B8EB}.Release|Any CPU.ActiveCfg = Release|Any CPU
		{93D7309E-DFD2-4ABA-9354-AE58F189B8EB}.Release|Any CPU.Build.0 = Release|Any CPU
		{E9559D21-B3AE-4097-AC70-4F4001C3BA9B}.Debug|Any CPU.ActiveCfg = Debug|Any CPU
		{E9559D21-B3AE-4097-AC70-4F4001C3BA9B}.Debug|Any CPU.Build.0 = Debug|Any CPU
		{E9559D21-B3AE-4097-AC70-4F4001C3BA9B}.Release|Any CPU.ActiveCfg = Release|Any CPU
		{E9559D21-B3AE-4097-AC70-4F4001C3BA9B}.Release|Any CPU.Build.0 = Release|Any CPU
	EndGlobalSection
	GlobalSection(SolutionProperties) = preSolution
		HideSolutionNode = FALSE
	EndGlobalSection
	GlobalSection(ExtensibilityGlobals) = postSolution
		SolutionGuid = {78EA5BBD-8547-4779-8125-D415DF55FCB6}
	EndGlobalSection
EndGlobal
